{
  "name": "iyaki-curator",
  "version": "0.0.0",
  "lockfileVersion": 3,
  "requires": true,
  "packages": {
    "": {
      "name": "iyaki-curator",
      "version": "0.0.0",
      "dependencies": {
        "@notionhq/client": "^5.1.0",
        "openai": "^5.18.1"
      },
      "engines": {
        "node": "24"
      }
    },
    "node_modules/@notionhq/client": {
      "version": "5.1.0",
      "resolved": "https://registry.npmjs.org/@notionhq/client/-/client-5.1.0.tgz",
      "integrity": "sha512-YYVjXYk1XwKQ4XIh+iGjaaXOGHxaDgB3UaGnDMyrZ3X9UiYQsZpzPIvTuhvp97os8a5W5kTQFsyq77+I+COOVQ==",
      "license": "MIT",
      "engines": {
        "node": ">=18"
      }
    },
    "node_modules/openai": {
      "version": "5.18.1",
      "resolved": "https://registry.npmjs.org/openai/-/openai-5.18.1.tgz",
      "integrity": "sha512-iXSOfLlOL+jgnFr5CGrB2SEZw5C92o1nrFW2SasoAXj4QxGhfeJPgg8zkX+vaCfX80cT6CWjgaGnq7z9XzbyRw==",
      "license": "Apache-2.0",
      "bin": {
        "openai": "bin/cli"
      },
      "peerDependencies": {
        "ws": "^8.18.0",
        "zod": "^3.23.8"
      },
      "peerDependenciesMeta": {
        "ws": {
          "optional": true
        },
        "zod": {
          "optional": true
        }
      }
    }
  }
}
